<?xml version="1.0" encoding="utf-8"?>
<Project ToolsVersion="4.0" xmlns="http://schemas.microsoft.com/developer/msbuild/2003">
  <ItemGroup>
    <Filter Include="Source Files">
      <UniqueIdentifier>{4FC737F1-C7A5-4376-A066-2A32D752A2FF}</UniqueIdentifier>
      <Extensions>cpp;c;cc;cxx;def;odl;idl;hpj;bat;asm;asmx</Extensions>
    </Filter>
    <Filter Include="Header Files">
      <UniqueIdentifier>{93995380-89BD-4b04-88EB-625FBE52EBFB}</UniqueIdentifier>
      <Extensions>h;hh;hpp;hxx;hm;inl;inc;xsd</Extensions>
    </Filter>
    <Filter Include="Resource Files">
      <UniqueIdentifier>{67DA6AB6-F800-4c08-8B7A-83BB121AAD01}</UniqueIdentifier>
      <Extensions>rc;ico;cur;bmp;dlg;rc2;rct;bin;rgs;gif;jpg;jpeg;jpe;resx;tiff;tif;png;wav;mfcribbon-ms</Extensions>
    </Filter>
    <Filter Include="Source Files\Test">
      <UniqueIdentifier>{45cc9e51-37ff-492f-a9bd-c685444e9d18}</UniqueIdentifier>
    </Filter>
    <Filter Include="Source Files\Test\StackExamples">
      <UniqueIdentifier>{61e50f45-5118-4495-8565-2e8662faae81}</UniqueIdentifier>
    </Filter>
  </ItemGroup>
  <ItemGroup>
    <ClInclude Include="J:\Documents\CollegePDFs\DataStructures\Stack Applications\Postfix_To_Infix.h">
      <Filter>Source Files\Test\StackExamples</Filter>
    </ClInclude>
    <ClInclude Include="J:\Documents\CollegePDFs\DataStructures\Stack Applications\Syntax_Error.h">
      <Filter>Source Files\Test\StackExamples</Filter>
    </ClInclude>
    <ClInclude Include="J:\Documents\CollegePDFs\DataStructures\Stack Applications\vector.h">
      <Filter>Source Files\Test\StackExamples</Filter>
    </ClInclude>
    <ClInclude Include="J:\Documents\CollegePDFs\DataStructures\Stack Applications\vector_based_stack.h">
      <Filter>Source Files\Test\StackExamples</Filter>
    </ClInclude>
    <ClInclude Include="J:\Documents\CollegePDFs\DataStructures\Stack Applications\Infix_To_Postfix.h">
      <Filter>Source Files\Test\StackExamples</Filter>
    </ClInclude>
    <ClInclude Include="J:\Documents\CollegePDFs\DataStructures\Stack Applications\linked_list_stack.h">
      <Filter>Source Files\Test\StackExamples</Filter>
    </ClInclude>
    <ClInclude Include="J:\Documents\CollegePDFs\DataStructures\Stack Applications\Node.h">
      <Filter>Source Files\Test\StackExamples</Filter>
    </ClInclude>
    <ClInclude Include="J:\Documents\CollegePDFs\DataStructures\Stack Applications\Palindrome_Finder.h">
      <Filter>Source Files\Test\StackExamples</Filter>
    </ClInclude>
    <ClInclude Include="J:\Documents\CollegePDFs\DataStructures\Stack Applications\Postfix_Evaluator.h">
      <Filter>Source Files\Test\StackExamples</Filter>
    </ClInclude>
  </ItemGroup>
  <ItemGroup>
    <ClCompile Include="J:\Documents\CollegePDFs\DataStructures\Stack Applications\stack_app.cpp">
      <Filter>Source Files\Test\StackExamples</Filter>
    </ClCompile>
    <ClCompile Include="J:\Documents\CollegePDFs\DataStructures\Stack Applications\Infix_To_Postfix_Parens.cpp">
      <Filter>Source Files\Test\StackExamples</Filter>
    </ClCompile>
    <ClCompile Include="J:\Documents\CollegePDFs\DataStructures\Stack Applications\Postfix_Evaluator.cpp">
      <Filter>Source Files\Test\StackExamples</Filter>
    </ClCompile>
    <ClCompile Include="J:\Documents\CollegePDFs\DataStructures\Stack Applications\Postfix_To_Infix.cpp">
      <Filter>Source Files\Test\StackExamples</Filter>
    </ClCompile>
  </ItemGroup>
</Project>